
Microsoft Visual Studio Solution File, Format Version 12.00
# Visual Studio Version 16
VisualStudioVersion = 16.0.33529.622
MinimumVisualStudioVersion = 10.0.40219.1
Project("{FAE04EC0-301F-11D3-BF4B-00C04F79EFBC}") = "NugetLib", "NugetLib\NugetLib.csproj", "{486AB976-856D-4C1C-B0CC-D780B7F2A2B4}"
EndProject
Project("{FAE04EC0-301F-11D3-BF4B-00C04F79EFBC}") = "CzappTester", "CzappTester\CzappTester.csproj", "{77BDDBB7-D360-4C77-98E4-BF03DF3C85FC}"
EndProject
Global
	GlobalSection(SolutionConfigurationPlatforms) = preSolution
		Debug|Any CPU = Debug|Any CPU
		Release|Any CPU = Release|Any CPU
	EndGlobalSection
	GlobalSection(ProjectConfigurationPlatforms) = postSolution
		{486AB976-856D-4C1C-B0CC-D780B7F2A2B4}.Debug|Any CPU.ActiveCfg = Debug|Any CPU
		{486AB976-856D-4C1C-B0CC-D780B7F2A2B4}.Debug|Any CPU.Build.0 = Debug|Any CPU
		{486AB976-856D-4C1C-B0CC-D780B7F2A2B4}.Release|Any CPU.ActiveCfg = Release|Any CPU
		{486AB976-856D-4C1C-B0CC-D780B7F2A2B4}.Release|Any CPU.Build.0 = Release|Any CPU
		{77BDDBB7-D360-4C77-98E4-BF03DF3C85FC}.Debug|Any CPU.ActiveCfg = Debug|Any CPU
		{77BDDBB7-D360-4C77-98E4-BF03DF3C85FC}.Debug|Any CPU.Build.0 = Debug|Any CPU
		{77BDDBB7-D360-4C77-98E4-BF03DF3C85FC}.Release|Any CPU.ActiveCfg = Release|Any CPU
		{77BDDBB7-D360-4C77-98E4-BF03DF3C85FC}.Release|Any CPU.Build.0 = Release|Any CPU
	EndGlobalSection
	GlobalSection(SolutionProperties) = preSolution
		HideSolutionNode = FALSE
	EndGlobalSection
	GlobalSection(ExtensibilityGlobals) = postSolution
		SolutionGuid = {5543707E-2BB9-412C-A208-5CA799A60C30}
	EndGlobalSection
EndGlobal
